github.com/OneOfOne/xxhash v1.2.2/go.mod h1:HSdplMjZKSmBqAxg5vPj2TmRDmfkzw+cTzAElWljhcU=
github.com/allegro/bigcache v1.2.1 h1:hg1sY1raCwic3Vnsvje6TT7/pnZba83LeFck5NrFKSc=
github.com/allegro/bigcache v1.2.1/go.mod h1:Cb/ax3seSYIx7SuZdm2G2xzfwmv3TPSk2ucNfQESPXM=
github.com/bluele/gcache v0.0.0-20190518031135-bc40bd653833 h1:yCfXxYaelOyqnia8F/Yng47qhmfC9nKTRIbYRrRueq4=
github.com/bluele/gcache v0.0.0-20190518031135-bc40bd653833/go.mod h1:8c4/i2VlovMO2gBnHGQPN5EJw+H0lx1u/5p+cgsXtCk=
github.com/cespare/xxhash v1.1.0 h1:a6HrQnmkObjyL+Gs60czilIUGqrzKutQD6XZog3p+ko=
github.com/cespare/xxhash v1.1.0/go.mod h1:XrSqR1VqqWfGrhpAt58auRo0WTKS1nRRg3ghfAqPWnc=
github.com/coocood/freecache v1.1.0 h1:ENiHOsWdj1BrrlPwblhbn4GdAsMymK3pZORJ+bJGAjA=
github.com/coocood/freecache v1.1.0/go.mod h1:ePwxCDzOYvARfHdr1pByNct1at3CoKnsipOHwKlNbzI=
github.com/dgraph-io/ristretto v0.0.0-20191025175511-c1f00be0418e h1:aeUNgwup7PnDOBAD1BOKAqzb/W/NksOj6r3dwKKuqfg=
github.com/dgraph-io/ristretto v0.0.0-20191025175511-c1f00be0418e/go.mod h1:edzKIzGvqUCMzhTVWbiTSe75zD9Xxq0GtSBtFmaUTZs=
github.com/dgryski/go-farm v0.0.0-20190423205320-6a90982ecee2/go.mod h1:SqUrOPUnsFjfmXRMNPybcSiG0BgUW2AuFH8PAnS2iTw=
github.com/hashicorp/golang-lru v0.5.3 h1:YPkqC67at8FYaadspW/6uE0COsBxS2656RLEr8Bppgk=
github.com/hashicorp/golang-lru v0.5.3/go.mod h1:iADmTwqILo4mZ8BN3D2Q6+9jd8WM5uGBxy+E8yxSoD4=
github.com/koding/cache v0.0.0-20161222233015-e8a81b0b3f20 h1:R7RAW1p8wjhlHKFhS4X7h8EePqADev/PltCmW9qlJoM=
github.com/koding/cache v0.0.0-20161222233015-e8a81b0b3f20/go.mod h1:sh5SGGmQVGUkWDnxevz0I2FJ4TeC18hRPRjKVBMb2kA=
github.com/muesli/cache2go v0.0.0-20191019095710-4098a3aa8c94 h1:aJflkQlskelDMdsFUYWffZXg0xtmYtjQJGwzRx3byDw=
github.com/muesli/cache2go v0.0.0-20191019095710-4098a3aa8c94/go.mod h1:414R+qZrt4f9S2TO/s6YVQMNAXR2KdwqQ7pW+O4oYzU=
github.com/patrickmn/go-cache v2.1.0+incompatible h1:HRMgzkcYKYpi3C8ajMPV8OFXaaRUnok+kx1WdO15EQc=
github.com/patrickmn/go-cache v2.1.0+incompatible/go.mod h1:3Qf8kWWT7OJRJbdiICTKqZju1ZixQ/KpMGzzAfe6+WQ=
github.com/spaolacci/murmur3 v0.0.0-20180118202830-f09979ecbc72/go.mod h1:JwIasOWyU6f++ZhiEuf87xNszmSA2myDM2Kzu9HwQUA=
gopkg.in/mgo.v2 v2.0.0-20190816093944-a6b53ec6cb22 h1:VpOs+IwYnYBaFnrNAeB8UUWtL3vEUnzSCL1nVjPhqrw=
gopkg.in/mgo.v2 v2.0.0-20190816093944-a6b53ec6cb22/go.mod h1:yeKp02qBN3iKW1OzL3MGk2IdtZzaj7SFntXj72NppTA=
